
Microsoft Visual Studio Solution File, Format Version 12.00
# Visual Studio Version 16
VisualStudioVersion = 16.0.31019.35
MinimumVisualStudioVersion = 10.0.40219.1
Project("{FAE04EC0-301F-11D3-BF4B-00C04F79EFBC}") = "ASPNETDatabinding2", "ASPNETDatabinding2\ASPNETDatabinding2.csproj", "{8864A23B-4434-4A50-B952-0BEED4EDB7BA}"
EndProject
Global
	GlobalSection(SolutionConfigurationPlatforms) = preSolution
		Debug|Any CPU = Debug|Any CPU
		Release|Any CPU = Release|Any CPU
	EndGlobalSection
	GlobalSection(ProjectConfigurationPlatforms) = postSolution
		{8864A23B-4434-4A50-B952-0BEED4EDB7BA}.Debug|Any CPU.ActiveCfg = Debug|Any CPU
		{8864A23B-4434-4A50-B952-0BEED4EDB7BA}.Debug|Any CPU.Build.0 = Debug|Any CPU
		{8864A23B-4434-4A50-B952-0BEED4EDB7BA}.Release|Any CPU.ActiveCfg = Release|Any CPU
		{8864A23B-4434-4A50-B952-0BEED4EDB7BA}.Release|Any CPU.Build.0 = Release|Any CPU
	EndGlobalSection
	GlobalSection(SolutionProperties) = preSolution
		HideSolutionNode = FALSE
	EndGlobalSection
	GlobalSection(ExtensibilityGlobals) = postSolution
		SolutionGuid = {70DB92EA-9B16-4768-9DEB-F1689AC35EF5}
	EndGlobalSection
EndGlobal
